
Microsoft Visual Studio Solution File, Format Version 12.00
# Visual Studio Version 17
VisualStudioVersion = 17.7.33711.374
MinimumVisualStudioVersion = 10.0.40219.1
Project("{FAE04EC0-301F-11D3-BF4B-00C04F79EFBC}") = "QuanLyTrungTam", "QuanLyTrungTam.csproj", "{DE9EFC67-6075-4655-A0B5-22178B38AF69}"
EndProject
Global
	GlobalSection(SolutionConfigurationPlatforms) = preSolution
		Debug|Any CPU = Debug|Any CPU
		Release|Any CPU = Release|Any CPU
	EndGlobalSection
	GlobalSection(ProjectConfigurationPlatforms) = postSolution
		{DE9EFC67-6075-4655-A0B5-22178B38AF69}.Debug|Any CPU.ActiveCfg = Debug|Any CPU
		{DE9EFC67-6075-4655-A0B5-22178B38AF69}.Debug|Any CPU.Build.0 = Debug|Any CPU
		{DE9EFC67-6075-4655-A0B5-22178B38AF69}.Release|Any CPU.ActiveCfg = Release|Any CPU
		{DE9EFC67-6075-4655-A0B5-22178B38AF69}.Release|Any CPU.Build.0 = Release|Any CPU
	EndGlobalSection
	GlobalSection(SolutionProperties) = preSolution
		HideSolutionNode = FALSE
	EndGlobalSection
	GlobalSection(ExtensibilityGlobals) = postSolution
		SolutionGuid = {4B97ADB5-AE6F-426A-98D6-E7C43F66CC8D}
	EndGlobalSection
EndGlobal
